
Microsoft Visual Studio Solution File, Format Version 12.00
# Visual Studio Version 16
VisualStudioVersion = 16.0.31515.178
MinimumVisualStudioVersion = 10.0.40219.1
Project("{FAE04EC0-301F-11D3-BF4B-00C04F79EFBC}") = "AKKATOGO", "AKKATOGO\AKKATOGO.csproj", "{9C7AAD94-CF7A-49DA-85B0-28DD52E20B99}"
EndProject
Global
	GlobalSection(SolutionConfigurationPlatforms) = preSolution
		Debug|Any CPU = Debug|Any CPU
		Release|Any CPU = Release|Any CPU
	EndGlobalSection
	GlobalSection(ProjectConfigurationPlatforms) = postSolution
		{9C7AAD94-CF7A-49DA-85B0-28DD52E20B99}.Debug|Any CPU.ActiveCfg = Debug|Any CPU
		{9C7AAD94-CF7A-49DA-85B0-28DD52E20B99}.Debug|Any CPU.Build.0 = Debug|Any CPU
		{9C7AAD94-CF7A-49DA-85B0-28DD52E20B99}.Release|Any CPU.ActiveCfg = Release|Any CPU
		{9C7AAD94-CF7A-49DA-85B0-28DD52E20B99}.Release|Any CPU.Build.0 = Release|Any CPU
	EndGlobalSection
	GlobalSection(SolutionProperties) = preSolution
		HideSolutionNode = FALSE
	EndGlobalSection
	GlobalSection(ExtensibilityGlobals) = postSolution
		SolutionGuid = {3E9930C0-9B87-4BE5-AE11-459595597682}
	EndGlobalSection
EndGlobal
